
Microsoft Visual Studio Solution File, Format Version 12.00
# Visual Studio 15
VisualStudioVersion = 15.0.26730.10
MinimumVisualStudioVersion = 10.0.40219.1
Project("{8BC9CEB8-8B4A-11D0-8D11-00A0C91BC942}") = "ConsoleApplication14", "ConsoleApplication14\ConsoleApplication14.vcxproj", "{DC5815FD-657A-48AB-B1CB-84E94DCDC78B}"
EndProject
Global
	GlobalSection(SolutionConfigurationPlatforms) = preSolution
		Debug|x64 = Debug|x64
		Debug|x86 = Debug|x86
		Release|x64 = Release|x64
		Release|x86 = Release|x86
	EndGlobalSection
	GlobalSection(ProjectConfigurationPlatforms) = postSolution
		{DC5815FD-657A-48AB-B1CB-84E94DCDC78B}.Debug|x64.ActiveCfg = Debug|x64
		{DC5815FD-657A-48AB-B1CB-84E94DCDC78B}.Debug|x64.Build.0 = Debug|x64
		{DC5815FD-657A-48AB-B1CB-84E94DCDC78B}.Debug|x86.ActiveCfg = Debug|Win32
		{DC5815FD-657A-48AB-B1CB-84E94DCDC78B}.Debug|x86.Build.0 = Debug|Win32
		{DC5815FD-657A-48AB-B1CB-84E94DCDC78B}.Release|x64.ActiveCfg = Release|x64
		{DC5815FD-657A-48AB-B1CB-84E94DCDC78B}.Release|x64.Build.0 = Release|x64
		{DC5815FD-657A-48AB-B1CB-84E94DCDC78B}.Release|x86.ActiveCfg = Release|Win32
		{DC5815FD-657A-48AB-B1CB-84E94DCDC78B}.Release|x86.Build.0 = Release|Win32
	EndGlobalSection
	GlobalSection(SolutionProperties) = preSolution
		HideSolutionNode = FALSE
	EndGlobalSection
	GlobalSection(ExtensibilityGlobals) = postSolution
		SolutionGuid = {B29F8CDC-32A2-41EE-A642-CA17FCE87D54}
	EndGlobalSection
EndGlobal
